PODS:
  - Kingfisher (6.2.1)
  - Realm (10.5.1):
    - Realm/Headers (= 10.5.1)
  - Realm/Headers (10.5.1)
  - RealmSwift (10.5.1):
    - Realm (= 10.5.1)

DEPENDENCIES:
  - Kingfisher (~> 6.0)
  - RealmSwift

SPEC REPOS:
  trunk:
    - Kingfisher
    - Realm
    - RealmSwift

SPEC CHECKSUMS:
  Kingfisher: e71c6fac2aebb1262888cabc2cb13d313362a48f
  Realm: 77fcb4e0b9f2963ea06f584749a0d7dc9cab95e1
  RealmSwift: 6abe6aa6cd8b70cc1a87afcb9232cabea74ff1ac

PODFILE CHECKSUM: 3b6557279a88160596f3296cda4bb66351b46d0d

COCOAPODS: 1.10.1
